# THIS IS AN AUTOGENERATED FILE. DO NOT EDIT THIS FILE DIRECTLY.
# yarn lockfile v1


i18n-iso-countries@^4.1.1:
  version "4.1.1"
  resolved "https://registry.yarnpkg.com/i18n-iso-countries/-/i18n-iso-countries-4.1.1.tgz#2036672ba6626e70d25fc0033c4ec2209fc54641"
  integrity sha512-8nOOko1MLl08CF4/ispv1Wj7P/UBHS38RBJAj5GF8kj90H6AOTZDxw9TnWV2quvWHONnA3NIy4imUM7SvNDDtw==
